
Microsoft Visual Studio Solution File, Format Version 12.00
# Visual Studio Version 17
VisualStudioVersion = 17.2.32616.157
MinimumVisualStudioVersion = 10.0.40219.1
Project("{9A19103F-16F7-4668-BE54-9A1E7A4F7556}") = "DataAccess", "DataAccess\DataAccess.csproj", "{F7272F53-79A4-4735-8549-5B6407921A23}"
EndProject
Project("{9A19103F-16F7-4668-BE54-9A1E7A4F7556}") = "Business", "Business\Business.csproj", "{4AE3C38E-61D4-4365-A28E-5078C9CC23E1}"
EndProject
Project("{9A19103F-16F7-4668-BE54-9A1E7A4F7556}") = "Entities", "Entities\Entities.csproj", "{42ED7E9F-18C4-4974-92D8-5C698497D44F}"
EndProject
Project("{9A19103F-16F7-4668-BE54-9A1E7A4F7556}") = "ConsoleUI", "ConsoleUI\ConsoleUI.csproj", "{BBB583B4-C6F8-4DED-B77D-3389C17DE0D7}"
EndProject
Project("{FAE04EC0-301F-11D3-BF4B-00C04F79EFBC}") = "Core", "Core\Core.csproj", "{470F6F8A-4B8E-47E5-A33C-0C944394401E}"
EndProject
Global
	GlobalSection(SolutionConfigurationPlatforms) = preSolution
		Debug|Any CPU = Debug|Any CPU
		Release|Any CPU = Release|Any CPU
	EndGlobalSection
	GlobalSection(ProjectConfigurationPlatforms) = postSolution
		{F7272F53-79A4-4735-8549-5B6407921A23}.Debug|Any CPU.ActiveCfg = Debug|Any CPU
		{F7272F53-79A4-4735-8549-5B6407921A23}.Debug|Any CPU.Build.0 = Debug|Any CPU
		{F7272F53-79A4-4735-8549-5B6407921A23}.Release|Any CPU.ActiveCfg = Release|Any CPU
		{F7272F53-79A4-4735-8549-5B6407921A23}.Release|Any CPU.Build.0 = Release|Any CPU
		{4AE3C38E-61D4-4365-A28E-5078C9CC23E1}.Debug|Any CPU.ActiveCfg = Debug|Any CPU
		{4AE3C38E-61D4-4365-A28E-5078C9CC23E1}.Debug|Any CPU.Build.0 = Debug|Any CPU
		{4AE3C38E-61D4-4365-A28E-5078C9CC23E1}.Release|Any CPU.ActiveCfg = Release|Any CPU
		{4AE3C38E-61D4-4365-A28E-5078C9CC23E1}.Release|Any CPU.Build.0 = Release|Any CPU
		{42ED7E9F-18C4-4974-92D8-5C698497D44F}.Debug|Any CPU.ActiveCfg = Debug|Any CPU
		{42ED7E9F-18C4-4974-92D8-5C698497D44F}.Debug|Any CPU.Build.0 = Debug|Any CPU
		{42ED7E9F-18C4-4974-92D8-5C698497D44F}.Release|Any CPU.ActiveCfg = Release|Any CPU
		{42ED7E9F-18C4-4974-92D8-5C698497D44F}.Release|Any CPU.Build.0 = Release|Any CPU
		{BBB583B4-C6F8-4DED-B77D-3389C17DE0D7}.Debug|Any CPU.ActiveCfg = Debug|Any CPU
		{BBB583B4-C6F8-4DED-B77D-3389C17DE0D7}.Debug|Any CPU.Build.0 = Debug|Any CPU
		{BBB583B4-C6F8-4DED-B77D-3389C17DE0D7}.Release|Any CPU.ActiveCfg = Release|Any CPU
		{BBB583B4-C6F8-4DED-B77D-3389C17DE0D7}.Release|Any CPU.Build.0 = Release|Any CPU
		{470F6F8A-4B8E-47E5-A33C-0C944394401E}.Debug|Any CPU.ActiveCfg = Debug|Any CPU
		{470F6F8A-4B8E-47E5-A33C-0C944394401E}.Debug|Any CPU.Build.0 = Debug|Any CPU
		{470F6F8A-4B8E-47E5-A33C-0C944394401E}.Release|Any CPU.ActiveCfg = Release|Any CPU
		{470F6F8A-4B8E-47E5-A33C-0C944394401E}.Release|Any CPU.Build.0 = Release|Any CPU
	EndGlobalSection
	GlobalSection(SolutionProperties) = preSolution
		HideSolutionNode = FALSE
	EndGlobalSection
	GlobalSection(ExtensibilityGlobals) = postSolution
		SolutionGuid = {32939327-4F7A-4C50-86B8-BAF83B2A8073}
	EndGlobalSection
EndGlobal
